
Microsoft Visual Studio Solution File, Format Version 10.00
# Visual Studio 2008
Project("{8BC9CEB8-8B4A-11D0-8D11-00A0C91BC942}") = "animtex", "animtex\animtex.vcproj", "{BCABCEB4-F0A0-463B-9DB5-52287CA903E3}"
EndProject
Project("{8BC9CEB8-8B4A-11D0-8D11-00A0C91BC942}") = "army", "army\army.vcproj", "{9F4093C0-0209-4490-A53D-F950655A2F4C}"
EndProject
Project("{8BC9CEB8-8B4A-11D0-8D11-00A0C91BC942}") = "bloom", "bloom\bloom.vcproj", "{53C5F4E3-8D6C-4310-B038-4F4D9A450AF8}"
EndProject
Project("{8BC9CEB8-8B4A-11D0-8D11-00A0C91BC942}") = "bump", "bump\bump.vcproj", "{F5AE4FC3-367A-459E-93C4-61BD87F7A445}"
EndProject
Project("{8BC9CEB8-8B4A-11D0-8D11-00A0C91BC942}") = "butterfly", "butterfly\butterfly.vcproj", "{A437951E-CFEC-45BC-ABAC-8AE667DB6586}"
EndProject
Project("{8BC9CEB8-8B4A-11D0-8D11-00A0C91BC942}") = "clipplane", "clipplane\clipplane.vcproj", "{064A0259-A852-4C07-BCA0-1C0E9E2BAAB2}"
EndProject
Project("{8BC9CEB8-8B4A-11D0-8D11-00A0C91BC942}") = "cubemap", "cubemap\cubemap.vcproj", "{B803368F-44EC-43DE-BF52-6B0F009E11D0}"
EndProject
Project("{8BC9CEB8-8B4A-11D0-8D11-00A0C91BC942}") = "dof", "dof\dof.vcproj", "{0CE0FCED-EA92-443D-B6FB-5FF654995ACB}"
EndProject
Project("{8BC9CEB8-8B4A-11D0-8D11-00A0C91BC942}") = "editor", "editor\editor.vcproj", "{873BDC46-F46D-4ABF-82FA-319EE7F4415E}"
EndProject
Project("{8BC9CEB8-8B4A-11D0-8D11-00A0C91BC942}") = "forest", "forest\forest.vcproj", "{23B19C23-BB60-4A66-99B7-C182D82E8EFF}"
EndProject
Project("{8BC9CEB8-8B4A-11D0-8D11-00A0C91BC942}") = "fx", "fx\fx.vcproj", "{FDC0E75E-3FF0-497C-B7BC-AAE62D8C2C77}"
EndProject
Project("{8BC9CEB8-8B4A-11D0-8D11-00A0C91BC942}") = "glass", "glass\glass.vcproj", "{D1605DB3-19B0-46A3-84A1-73F9157A5278}"
EndProject
Project("{8BC9CEB8-8B4A-11D0-8D11-00A0C91BC942}") = "instancing", "instancing\instancing.vcproj", "{825F10E5-FC90-4546-86E7-B36969920EDB}"
EndProject
Project("{8BC9CEB8-8B4A-11D0-8D11-00A0C91BC942}") = "instancing2", "instancing2\instancing2.vcproj", "{3DE72739-B18C-487A-9DC3-9BF2DC7A8C67}"
EndProject
Project("{8BC9CEB8-8B4A-11D0-8D11-00A0C91BC942}") = "meshesintersect", "meshesintersect\meshesintersect.vcproj", "{37214870-3802-40F4-A940-24B859798D64}"
EndProject
Project("{8BC9CEB8-8B4A-11D0-8D11-00A0C91BC942}") = "pick", "pick\pick.vcproj", "{C2BD6523-3A0C-4E6B-83AD-FA34CB575EE1}"
EndProject
Project("{8BC9CEB8-8B4A-11D0-8D11-00A0C91BC942}") = "pointing", "pointing\pointing.vcproj", "{A7C120E5-9C00-4560-BBE7-2E71D134B261}"
EndProject
Project("{8BC9CEB8-8B4A-11D0-8D11-00A0C91BC942}") = "psystem", "psystem\psystem.vcproj", "{EA8E086A-EBE6-4C23-9C69-F235158D739C}"
EndProject
Project("{8BC9CEB8-8B4A-11D0-8D11-00A0C91BC942}") = "px", "px\px.vcproj", "{B38018A2-514C-4563-8A85-04297BDBDD78}"
EndProject
Project("{8BC9CEB8-8B4A-11D0-8D11-00A0C91BC942}") = "r2i", "r2i\r2i.vcproj", "{6F8F4554-C5F8-4BB2-9479-5E42EE85F8B3}"
EndProject
Project("{8BC9CEB8-8B4A-11D0-8D11-00A0C91BC942}") = "r2t", "r2t\r2t.vcproj", "{AB581BD4-D734-4244-9111-A59C4B17E812}"
EndProject
Project("{8BC9CEB8-8B4A-11D0-8D11-00A0C91BC942}") = "rw_pixel", "rw_pixel\rw_pixel.vcproj", "{B6842D5F-C83D-4043-9E61-8E33B70DFD34}"
EndProject
Project("{8BC9CEB8-8B4A-11D0-8D11-00A0C91BC942}") = "shadows", "shadows\shadows.vcproj", "{CFE28954-9EB8-4E91-9A72-78216FD7A8C0}"
EndProject
Project("{8BC9CEB8-8B4A-11D0-8D11-00A0C91BC942}") = "simple", "simple\simple.vcproj", "{623CEFCC-3D61-403B-BE26-2A91E6B8D705}"
EndProject
Project("{8BC9CEB8-8B4A-11D0-8D11-00A0C91BC942}") = "skinning", "skinning\skinning.vcproj", "{33C0BC62-CEA7-4412-8758-A2DB06266604}"
EndProject
Project("{8BC9CEB8-8B4A-11D0-8D11-00A0C91BC942}") = "splatting", "splatting\splatting.vcproj", "{B82FBD78-041F-4986-B9D6-EE5A16220026}"
EndProject
Project("{8BC9CEB8-8B4A-11D0-8D11-00A0C91BC942}") = "stretchbb", "stretchbb\stretchbb.vcproj", "{C557E35C-3E25-46A2-B321-453536BD203D}"
EndProject
Project("{8BC9CEB8-8B4A-11D0-8D11-00A0C91BC942}") = "surface", "surface\surface.vcproj", "{2F06C91F-7870-4C2D-87DB-EA04030B2414}"
EndProject
Project("{8BC9CEB8-8B4A-11D0-8D11-00A0C91BC942}") = "sysinfo", "sysinfo\sysinfo.vcproj", "{A9F37A68-233E-4C34-9792-05164E021129}"
EndProject
Project("{8BC9CEB8-8B4A-11D0-8D11-00A0C91BC942}") = "terrain", "terrain\terrain.vcproj", "{BF75551B-6325-42F4-9096-5F76F5E372CE}"
EndProject
Project("{8BC9CEB8-8B4A-11D0-8D11-00A0C91BC942}") = "water", "water\water.vcproj", "{58BBE5D6-FF43-4602-982E-245B62E98C0D}"
EndProject
Global
	GlobalSection(SolutionConfigurationPlatforms) = preSolution
		Debug|Win32 = Debug|Win32
		Release|Win32 = Release|Win32
	EndGlobalSection
	GlobalSection(ProjectConfigurationPlatforms) = postSolution
		{BCABCEB4-F0A0-463B-9DB5-52287CA903E3}.Debug|Win32.ActiveCfg = Debug|Win32
		{BCABCEB4-F0A0-463B-9DB5-52287CA903E3}.Debug|Win32.Build.0 = Debug|Win32
		{BCABCEB4-F0A0-463B-9DB5-52287CA903E3}.Release|Win32.ActiveCfg = Release|Win32
		{BCABCEB4-F0A0-463B-9DB5-52287CA903E3}.Release|Win32.Build.0 = Release|Win32
		{9F4093C0-0209-4490-A53D-F950655A2F4C}.Debug|Win32.ActiveCfg = Debug|Win32
		{9F4093C0-0209-4490-A53D-F950655A2F4C}.Debug|Win32.Build.0 = Debug|Win32
		{9F4093C0-0209-4490-A53D-F950655A2F4C}.Release|Win32.ActiveCfg = Release|Win32
		{9F4093C0-0209-4490-A53D-F950655A2F4C}.Release|Win32.Build.0 = Release|Win32
		{53C5F4E3-8D6C-4310-B038-4F4D9A450AF8}.Debug|Win32.ActiveCfg = Debug|Win32
		{53C5F4E3-8D6C-4310-B038-4F4D9A450AF8}.Debug|Win32.Build.0 = Debug|Win32
		{53C5F4E3-8D6C-4310-B038-4F4D9A450AF8}.Release|Win32.ActiveCfg = Release|Win32
		{53C5F4E3-8D6C-4310-B038-4F4D9A450AF8}.Release|Win32.Build.0 = Release|Win32
		{F5AE4FC3-367A-459E-93C4-61BD87F7A445}.Debug|Win32.ActiveCfg = Debug|Win32
		{F5AE4FC3-367A-459E-93C4-61BD87F7A445}.Debug|Win32.Build.0 = Debug|Win32
		{F5AE4FC3-367A-459E-93C4-61BD87F7A445}.Release|Win32.ActiveCfg = Release|Win32
		{F5AE4FC3-367A-459E-93C4-61BD87F7A445}.Release|Win32.Build.0 = Release|Win32
		{A437951E-CFEC-45BC-ABAC-8AE667DB6586}.Debug|Win32.ActiveCfg = Debug|Win32
		{A437951E-CFEC-45BC-ABAC-8AE667DB6586}.Debug|Win32.Build.0 = Debug|Win32
		{A437951E-CFEC-45BC-ABAC-8AE667DB6586}.Release|Win32.ActiveCfg = Release|Win32
		{A437951E-CFEC-45BC-ABAC-8AE667DB6586}.Release|Win32.Build.0 = Release|Win32
		{064A0259-A852-4C07-BCA0-1C0E9E2BAAB2}.Debug|Win32.ActiveCfg = Debug|Win32
		{064A0259-A852-4C07-BCA0-1C0E9E2BAAB2}.Debug|Win32.Build.0 = Debug|Win32
		{064A0259-A852-4C07-BCA0-1C0E9E2BAAB2}.Release|Win32.ActiveCfg = Release|Win32
		{064A0259-A852-4C07-BCA0-1C0E9E2BAAB2}.Release|Win32.Build.0 = Release|Win32
		{B803368F-44EC-43DE-BF52-6B0F009E11D0}.Debug|Win32.ActiveCfg = Debug|Win32
		{B803368F-44EC-43DE-BF52-6B0F009E11D0}.Debug|Win32.Build.0 = Debug|Win32
		{B803368F-44EC-43DE-BF52-6B0F009E11D0}.Release|Win32.ActiveCfg = Release|Win32
		{B803368F-44EC-43DE-BF52-6B0F009E11D0}.Release|Win32.Build.0 = Release|Win32
		{0CE0FCED-EA92-443D-B6FB-5FF654995ACB}.Debug|Win32.ActiveCfg = Debug|Win32
		{0CE0FCED-EA92-443D-B6FB-5FF654995ACB}.Debug|Win32.Build.0 = Debug|Win32
		{0CE0FCED-EA92-443D-B6FB-5FF654995ACB}.Release|Win32.ActiveCfg = Release|Win32
		{0CE0FCED-EA92-443D-B6FB-5FF654995ACB}.Release|Win32.Build.0 = Release|Win32
		{873BDC46-F46D-4ABF-82FA-319EE7F4415E}.Debug|Win32.ActiveCfg = Debug|Win32
		{873BDC46-F46D-4ABF-82FA-319EE7F4415E}.Debug|Win32.Build.0 = Debug|Win32
		{873BDC46-F46D-4ABF-82FA-319EE7F4415E}.Release|Win32.ActiveCfg = Release|Win32
		{873BDC46-F46D-4ABF-82FA-319EE7F4415E}.Release|Win32.Build.0 = Release|Win32
		{23B19C23-BB60-4A66-99B7-C182D82E8EFF}.Debug|Win32.ActiveCfg = Debug|Win32
		{23B19C23-BB60-4A66-99B7-C182D82E8EFF}.Debug|Win32.Build.0 = Debug|Win32
		{23B19C23-BB60-4A66-99B7-C182D82E8EFF}.Release|Win32.ActiveCfg = Release|Win32
		{23B19C23-BB60-4A66-99B7-C182D82E8EFF}.Release|Win32.Build.0 = Release|Win32
		{FDC0E75E-3FF0-497C-B7BC-AAE62D8C2C77}.Debug|Win32.ActiveCfg = Debug|Win32
		{FDC0E75E-3FF0-497C-B7BC-AAE62D8C2C77}.Debug|Win32.Build.0 = Debug|Win32
		{FDC0E75E-3FF0-497C-B7BC-AAE62D8C2C77}.Release|Win32.ActiveCfg = Release|Win32
		{FDC0E75E-3FF0-497C-B7BC-AAE62D8C2C77}.Release|Win32.Build.0 = Release|Win32
		{D1605DB3-19B0-46A3-84A1-73F9157A5278}.Debug|Win32.ActiveCfg = Debug|Win32
		{D1605DB3-19B0-46A3-84A1-73F9157A5278}.Debug|Win32.Build.0 = Debug|Win32
		{D1605DB3-19B0-46A3-84A1-73F9157A5278}.Release|Win32.ActiveCfg = Release|Win32
		{D1605DB3-19B0-46A3-84A1-73F9157A5278}.Release|Win32.Build.0 = Release|Win32
		{825F10E5-FC90-4546-86E7-B36969920EDB}.Debug|Win32.ActiveCfg = Debug|Win32
		{825F10E5-FC90-4546-86E7-B36969920EDB}.Debug|Win32.Build.0 = Debug|Win32
		{825F10E5-FC90-4546-86E7-B36969920EDB}.Release|Win32.ActiveCfg = Release|Win32
		{825F10E5-FC90-4546-86E7-B36969920EDB}.Release|Win32.Build.0 = Release|Win32
		{3DE72739-B18C-487A-9DC3-9BF2DC7A8C67}.Debug|Win32.ActiveCfg = Debug|Win32
		{3DE72739-B18C-487A-9DC3-9BF2DC7A8C67}.Debug|Win32.Build.0 = Debug|Win32
		{3DE72739-B18C-487A-9DC3-9BF2DC7A8C67}.Release|Win32.ActiveCfg = Release|Win32
		{3DE72739-B18C-487A-9DC3-9BF2DC7A8C67}.Release|Win32.Build.0 = Release|Win32
		{37214870-3802-40F4-A940-24B859798D64}.Debug|Win32.ActiveCfg = Debug|Win32
		{37214870-3802-40F4-A940-24B859798D64}.Debug|Win32.Build.0 = Debug|Win32
		{37214870-3802-40F4-A940-24B859798D64}.Release|Win32.ActiveCfg = Release|Win32
		{37214870-3802-40F4-A940-24B859798D64}.Release|Win32.Build.0 = Release|Win32
		{C2BD6523-3A0C-4E6B-83AD-FA34CB575EE1}.Debug|Win32.ActiveCfg = Debug|Win32
		{C2BD6523-3A0C-4E6B-83AD-FA34CB575EE1}.Debug|Win32.Build.0 = Debug|Win32
		{C2BD6523-3A0C-4E6B-83AD-FA34CB575EE1}.Release|Win32.ActiveCfg = Release|Win32
		{C2BD6523-3A0C-4E6B-83AD-FA34CB575EE1}.Release|Win32.Build.0 = Release|Win32
		{A7C120E5-9C00-4560-BBE7-2E71D134B261}.Debug|Win32.ActiveCfg = Debug|Win32
		{A7C120E5-9C00-4560-BBE7-2E71D134B261}.Debug|Win32.Build.0 = Debug|Win32
		{A7C120E5-9C00-4560-BBE7-2E71D134B261}.Release|Win32.ActiveCfg = Release|Win32
		{A7C120E5-9C00-4560-BBE7-2E71D134B261}.Release|Win32.Build.0 = Release|Win32
		{EA8E086A-EBE6-4C23-9C69-F235158D739C}.Debug|Win32.ActiveCfg = Debug|Win32
		{EA8E086A-EBE6-4C23-9C69-F235158D739C}.Debug|Win32.Build.0 = Debug|Win32
		{EA8E086A-EBE6-4C23-9C69-F235158D739C}.Release|Win32.ActiveCfg = Release|Win32
		{EA8E086A-EBE6-4C23-9C69-F235158D739C}.Release|Win32.Build.0 = Release|Win32
		{B38018A2-514C-4563-8A85-04297BDBDD78}.Debug|Win32.ActiveCfg = Debug|Win32
		{B38018A2-514C-4563-8A85-04297BDBDD78}.Debug|Win32.Build.0 = Debug|Win32
		{B38018A2-514C-4563-8A85-04297BDBDD78}.Release|Win32.ActiveCfg = Release|Win32
		{B38018A2-514C-4563-8A85-04297BDBDD78}.Release|Win32.Build.0 = Release|Win32
		{6F8F4554-C5F8-4BB2-9479-5E42EE85F8B3}.Debug|Win32.ActiveCfg = Debug|Win32
		{6F8F4554-C5F8-4BB2-9479-5E42EE85F8B3}.Debug|Win32.Build.0 = Debug|Win32
		{6F8F4554-C5F8-4BB2-9479-5E42EE85F8B3}.Release|Win32.ActiveCfg = Release|Win32
		{6F8F4554-C5F8-4BB2-9479-5E42EE85F8B3}.Release|Win32.Build.0 = Release|Win32
		{AB581BD4-D734-4244-9111-A59C4B17E812}.Debug|Win32.ActiveCfg = Debug|Win32
		{AB581BD4-D734-4244-9111-A59C4B17E812}.Debug|Win32.Build.0 = Debug|Win32
		{AB581BD4-D734-4244-9111-A59C4B17E812}.Release|Win32.ActiveCfg = Release|Win32
		{AB581BD4-D734-4244-9111-A59C4B17E812}.Release|Win32.Build.0 = Release|Win32
		{B6842D5F-C83D-4043-9E61-8E33B70DFD34}.Debug|Win32.ActiveCfg = Debug|Win32
		{B6842D5F-C83D-4043-9E61-8E33B70DFD34}.Debug|Win32.Build.0 = Debug|Win32
		{B6842D5F-C83D-4043-9E61-8E33B70DFD34}.Release|Win32.ActiveCfg = Release|Win32
		{B6842D5F-C83D-4043-9E61-8E33B70DFD34}.Release|Win32.Build.0 = Release|Win32
		{CFE28954-9EB8-4E91-9A72-78216FD7A8C0}.Debug|Win32.ActiveCfg = Debug|Win32
		{CFE28954-9EB8-4E91-9A72-78216FD7A8C0}.Debug|Win32.Build.0 = Debug|Win32
		{CFE28954-9EB8-4E91-9A72-78216FD7A8C0}.Release|Win32.ActiveCfg = Release|Win32
		{CFE28954-9EB8-4E91-9A72-78216FD7A8C0}.Release|Win32.Build.0 = Release|Win32
		{623CEFCC-3D61-403B-BE26-2A91E6B8D705}.Debug|Win32.ActiveCfg = Debug|Win32
		{623CEFCC-3D61-403B-BE26-2A91E6B8D705}.Debug|Win32.Build.0 = Debug|Win32
		{623CEFCC-3D61-403B-BE26-2A91E6B8D705}.Release|Win32.ActiveCfg = Release|Win32
		{623CEFCC-3D61-403B-BE26-2A91E6B8D705}.Release|Win32.Build.0 = Release|Win32
		{33C0BC62-CEA7-4412-8758-A2DB06266604}.Debug|Win32.ActiveCfg = Debug|Win32
		{33C0BC62-CEA7-4412-8758-A2DB06266604}.Debug|Win32.Build.0 = Debug|Win32
		{33C0BC62-CEA7-4412-8758-A2DB06266604}.Release|Win32.ActiveCfg = Release|Win32
		{33C0BC62-CEA7-4412-8758-A2DB06266604}.Release|Win32.Build.0 = Release|Win32
		{B82FBD78-041F-4986-B9D6-EE5A16220026}.Debug|Win32.ActiveCfg = Debug|Win32
		{B82FBD78-041F-4986-B9D6-EE5A16220026}.Debug|Win32.Build.0 = Debug|Win32
		{B82FBD78-041F-4986-B9D6-EE5A16220026}.Release|Win32.ActiveCfg = Release|Win32
		{B82FBD78-041F-4986-B9D6-EE5A16220026}.Release|Win32.Build.0 = Release|Win32
		{C557E35C-3E25-46A2-B321-453536BD203D}.Debug|Win32.ActiveCfg = Debug|Win32
		{C557E35C-3E25-46A2-B321-453536BD203D}.Debug|Win32.Build.0 = Debug|Win32
		{C557E35C-3E25-46A2-B321-453536BD203D}.Release|Win32.ActiveCfg = Release|Win32
		{C557E35C-3E25-46A2-B321-453536BD203D}.Release|Win32.Build.0 = Release|Win32
		{2F06C91F-7870-4C2D-87DB-EA04030B2414}.Debug|Win32.ActiveCfg = Debug|Win32
		{2F06C91F-7870-4C2D-87DB-EA04030B2414}.Debug|Win32.Build.0 = Debug|Win32
		{2F06C91F-7870-4C2D-87DB-EA04030B2414}.Release|Win32.ActiveCfg = Release|Win32
		{2F06C91F-7870-4C2D-87DB-EA04030B2414}.Release|Win32.Build.0 = Release|Win32
		{A9F37A68-233E-4C34-9792-05164E021129}.Debug|Win32.ActiveCfg = Debug|Win32
		{A9F37A68-233E-4C34-9792-05164E021129}.Debug|Win32.Build.0 = Debug|Win32
		{A9F37A68-233E-4C34-9792-05164E021129}.Release|Win32.ActiveCfg = Release|Win32
		{A9F37A68-233E-4C34-9792-05164E021129}.Release|Win32.Build.0 = Release|Win32
		{BF75551B-6325-42F4-9096-5F76F5E372CE}.Debug|Win32.ActiveCfg = Debug|Win32
		{BF75551B-6325-42F4-9096-5F76F5E372CE}.Debug|Win32.Build.0 = Debug|Win32
		{BF75551B-6325-42F4-9096-5F76F5E372CE}.Release|Win32.ActiveCfg = Release|Win32
		{BF75551B-6325-42F4-9096-5F76F5E372CE}.Release|Win32.Build.0 = Release|Win32
		{58BBE5D6-FF43-4602-982E-245B62E98C0D}.Debug|Win32.ActiveCfg = Debug|Win32
		{58BBE5D6-FF43-4602-982E-245B62E98C0D}.Debug|Win32.Build.0 = Debug|Win32
		{58BBE5D6-FF43-4602-982E-245B62E98C0D}.Release|Win32.ActiveCfg = Release|Win32
		{58BBE5D6-FF43-4602-982E-245B62E98C0D}.Release|Win32.Build.0 = Release|Win32
	EndGlobalSection
	GlobalSection(SolutionProperties) = preSolution
		HideSolutionNode = FALSE
	EndGlobalSection
EndGlobal
